
Microsoft Visual Studio Solution File, Format Version 12.00
# Visual Studio Version 17
VisualStudioVersion = 17.1.32210.238
MinimumVisualStudioVersion = 10.0.40219.1
Project("{FAE04EC0-301F-11D3-BF4B-00C04F79EFBC}") = "BlazorWasmEFCore", "BlazorWasmEFCore\BlazorWasmEFCore.csproj", "{7B90CCC7-0B5D-414B-B2D6-7FE1A4926D18}"
EndProject
Global
	GlobalSection(SolutionConfigurationPlatforms) = preSolution
		Debug|Any CPU = Debug|Any CPU
		Release|Any CPU = Release|Any CPU
	EndGlobalSection
	GlobalSection(ProjectConfigurationPlatforms) = postSolution
		{7B90CCC7-0B5D-414B-B2D6-7FE1A4926D18}.Debug|Any CPU.ActiveCfg = Debug|Any CPU
		{7B90CCC7-0B5D-414B-B2D6-7FE1A4926D18}.Debug|Any CPU.Build.0 = Debug|Any CPU
		{7B90CCC7-0B5D-414B-B2D6-7FE1A4926D18}.Release|Any CPU.ActiveCfg = Release|Any CPU
		{7B90CCC7-0B5D-414B-B2D6-7FE1A4926D18}.Release|Any CPU.Build.0 = Release|Any CPU
	EndGlobalSection
	GlobalSection(SolutionProperties) = preSolution
		HideSolutionNode = FALSE
	EndGlobalSection
	GlobalSection(ExtensibilityGlobals) = postSolution
		SolutionGuid = {B13EC660-6484-4A3E-8717-E80F0E549ECD}
	EndGlobalSection
EndGlobal
